
Microsoft Visual Studio Solution File, Format Version 12.00
# Visual Studio Version 16
VisualStudioVersion = 16.0.31410.357
MinimumVisualStudioVersion = 10.0.40219.1
Project("{9A19103F-16F7-4668-BE54-9A1E7A4F7556}") = "EasyWarehouse", "EasyWarehouse\EasyWarehouse.csproj", "{D69F7076-1B0C-4030-A3EF-B86BE6EB6DE2}"
EndProject
Project("{FAE04EC0-301F-11D3-BF4B-00C04F79EFBC}") = "Warehouse.Domain", "Warehouse.Domain\Warehouse.Domain.csproj", "{A8762909-9F01-4CA1-A38A-E0A724431761}"
EndProject
Global
	GlobalSection(SolutionConfigurationPlatforms) = preSolution
		Debug|Any CPU = Debug|Any CPU
		Release|Any CPU = Release|Any CPU
	EndGlobalSection
	GlobalSection(ProjectConfigurationPlatforms) = postSolution
		{D69F7076-1B0C-4030-A3EF-B86BE6EB6DE2}.Debug|Any CPU.ActiveCfg = Debug|Any CPU
		{D69F7076-1B0C-4030-A3EF-B86BE6EB6DE2}.Debug|Any CPU.Build.0 = Debug|Any CPU
		{D69F7076-1B0C-4030-A3EF-B86BE6EB6DE2}.Release|Any CPU.ActiveCfg = Release|Any CPU
		{D69F7076-1B0C-4030-A3EF-B86BE6EB6DE2}.Release|Any CPU.Build.0 = Release|Any CPU
		{A8762909-9F01-4CA1-A38A-E0A724431761}.Debug|Any CPU.ActiveCfg = Debug|Any CPU
		{A8762909-9F01-4CA1-A38A-E0A724431761}.Debug|Any CPU.Build.0 = Debug|Any CPU
		{A8762909-9F01-4CA1-A38A-E0A724431761}.Release|Any CPU.ActiveCfg = Release|Any CPU
		{A8762909-9F01-4CA1-A38A-E0A724431761}.Release|Any CPU.Build.0 = Release|Any CPU
	EndGlobalSection
	GlobalSection(SolutionProperties) = preSolution
		HideSolutionNode = FALSE
	EndGlobalSection
	GlobalSection(ExtensibilityGlobals) = postSolution
		SolutionGuid = {8EB53C81-3016-4E03-9298-9B124DBDD9EC}
	EndGlobalSection
EndGlobal
